
Microsoft Visual Studio Solution File, Format Version 12.00
# Visual Studio 15
VisualStudioVersion = 15.0.27130.2036
MinimumVisualStudioVersion = 10.0.40219.1
Project("{888888A0-9F3D-457C-B088-3A5042F75D52}") = "itgo_ML_NumpyPandas", "itgo_ML_NumpyPandas.pyproj", "{854889E2-F60E-4836-B404-21D0715D5D22}"
EndProject
Global
	GlobalSection(SolutionConfigurationPlatforms) = preSolution
		Debug|Any CPU = Debug|Any CPU
		Release|Any CPU = Release|Any CPU
	EndGlobalSection
	GlobalSection(ProjectConfigurationPlatforms) = postSolution
		{854889E2-F60E-4836-B404-21D0715D5D22}.Debug|Any CPU.ActiveCfg = Debug|Any CPU
		{854889E2-F60E-4836-B404-21D0715D5D22}.Release|Any CPU.ActiveCfg = Release|Any CPU
	EndGlobalSection
	GlobalSection(SolutionProperties) = preSolution
		HideSolutionNode = FALSE
	EndGlobalSection
	GlobalSection(ExtensibilityGlobals) = postSolution
		SolutionGuid = {4C834AA1-216D-44DA-8417-81A9F58B0F3D}
	EndGlobalSection
EndGlobal
